
Microsoft Visual Studio Solution File, Format Version 12.00
# Visual Studio Version 16
VisualStudioVersion = 16.0.31515.178
MinimumVisualStudioVersion = 10.0.40219.1
Project("{FAE04EC0-301F-11D3-BF4B-00C04F79EFBC}") = "EscolaApex", "EscolaApex\EscolaApex.csproj", "{148D1CBC-67E2-441F-A774-457E783DF64B}"
EndProject
Global
	GlobalSection(SolutionConfigurationPlatforms) = preSolution
		Debug|Any CPU = Debug|Any CPU
		Release|Any CPU = Release|Any CPU
	EndGlobalSection
	GlobalSection(ProjectConfigurationPlatforms) = postSolution
		{148D1CBC-67E2-441F-A774-457E783DF64B}.Debug|Any CPU.ActiveCfg = Debug|Any CPU
		{148D1CBC-67E2-441F-A774-457E783DF64B}.Debug|Any CPU.Build.0 = Debug|Any CPU
		{148D1CBC-67E2-441F-A774-457E783DF64B}.Release|Any CPU.ActiveCfg = Release|Any CPU
		{148D1CBC-67E2-441F-A774-457E783DF64B}.Release|Any CPU.Build.0 = Release|Any CPU
	EndGlobalSection
	GlobalSection(SolutionProperties) = preSolution
		HideSolutionNode = FALSE
	EndGlobalSection
	GlobalSection(ExtensibilityGlobals) = postSolution
		SolutionGuid = {09DE1262-0A83-4EBD-A02F-A4133C4AC498}
	EndGlobalSection
EndGlobal
